// !$*UTF8*$!
{
	archiveVersion = 1;
	classes = {
	};
	objectVersion = 46;
	objects = {

/* Begin PBXBuildFile section */
		F71663131C6002C100F7A4D0 /* AppDelegate.swift in Sources */ = {isa = PBXBuildFile; fileRef = F71663121C6002C100F7A4D0 /* AppDelegate.swift */; };
		F71663151C6002C100F7A4D0 /* ViewController.swift in Sources */ = {isa = PBXBuildFile; fileRef = F71663141C6002C100F7A4D0 /* ViewController.swift */; };
		F71663181C6002C100F7A4D0 /* Main.storyboard in Resources */ = {isa = PBXBuildFile; fileRef = F71663161C6002C100F7A4D0 /* Main.storyboard */; };
		F716631A1C6002C100F7A4D0 /* Assets.xcassets in Resources */ = {isa = PBXBuildFile; fileRef = F71663191C6002C100F7A4D0 /* Assets.xcassets */; };
		F716631D1C6002C100F7A4D0 /* LaunchScreen.storyboard in Resources */ = {isa = PBXBuildFile; fileRef = F716631B1C6002C100F7A4D0 /* LaunchScreen.storyboard */; };
/* End PBXBuildFile section */

/* Begin PBXFileReference section */
		F716630F1C6002C100F7A4D0 /* Quiz Sam 2.app */ = {isa = PBXFileReference; explicitFileType = wrapper.application; includeInIndex = 0; path = "Quiz Sam 2.app"; sourceTree = BUILT_PRODUCTS_DIR; };
		F71663121C6002C100F7A4D0 /* AppDelegate.swift */ = {isa = PBXFileReference; lastKnownFileType = sourcecode.swift; path = AppDelegate.swift; sourceTree = "<group>"; };
		F71663141C6002C100F7A4D0 /* ViewController.swift */ = {isa = PBXFileReference; lastKnownFileType = sourcecode.swift; path = ViewController.swift; sourceTree = "<group>"; };
		F71663171C6002C100F7A4D0 /* Base */ = {isa = PBXFileReference; lastKnownFileType = file.storyboard; name = Base; path = Base.lproj/Main.storyboard; sourceTree = "<group>"; };
		F71663191C6002C100F7A4D0 /* Assets.xcassets */ = {isa = PBXFileReference; lastKnownFileType = folder.assetcatalog; path = Assets.xcassets; sourceTree = "<group>"; };
		F716631C1C6002C100F7A4D0 /* Base */ = {isa = PBXFileReference; lastKnownFileType = file.storyboard; name = Base; path = Base.lproj/LaunchScreen.storyboard; sourceTree = "<group>"; };
		F716631E1C6002C100F7A4D0 /* Info.plist */ = {isa = PBXFileReference; lastKnownFileType = text.plist.xml; path = Info.plist; sourceTree = "<group>"; };
/* End PBXFileReference section */

/* Begin PBXFrameworksBuildPhase section */
		F716630C1C6002C100F7A4D0 /* Frameworks */ = {
			isa = PBXFrameworksBuildPhase;
			buildActionMask = 2147483647;
			files = (
			);
			runOnlyForDeploymentPostprocessing = 0;
		};
/* End PBXFrameworksBuildPhase section */

/* Begin PBXGroup section */
		F71663061C6002C100F7A4D0 = {
			isa = PBXGroup;
			children = (
				F71663111C6002C100F7A4D0 /* Quiz Sam 2 */,
				F71663101C6002C100F7A4D0 /* Products */,
			);
			sourceTree = "<group>";
		};
		F71663101C6002C100F7A4D0 /* Products */ = {
			isa = PBXGroup;
			children = (
				F716630F1C6002C100F7A4D0 /* Quiz Sam 2.app */,
			);
			name = Products;
			sourceTree = "<group>";
		};
		F71663111C6002C100F7A4D0 /* Quiz Sam 2 */ = {
			isa = PBXGroup;
			children = (
				F71663121C6002C100F7A4D0 /* AppDelegate.swift */,
				F71663141C6002C100F7A4D0 /* ViewController.swift */,
				F71663161C6002C100F7A4D0 /* Main.storyboard */,
				F71663191C6002C100F7A4D0 /* Assets.xcassets */,
				F716631B1C6002C100F7A4D0 /* LaunchScreen.storyboard */,
				F716631E1C6002C100F7A4D0 /* Info.plist */,
			);
			path = "Quiz Sam 2";
			sourceTree = "<group>";
		};
/* End PBXGroup section */

/* Begin PBXNativeTarget section */
		F716630E1C6002C100F7A4D0 /* Quiz Sam 2 */ = {
			isa = PBXNativeTarget;
			buildConfigurationList = F71663211C6002C100F7A4D0 /* Build configuration list for PBXNativeTarget "Quiz Sam 2" */;
			buildPhases = (
				F716630B1C6002C100F7A4D0 /* Sources */,
				F716630C1C6002C100F7A4D0 /* Frameworks */,
				F716630D1C6002C100F7A4D0 /* Resources */,
			);
			buildRules = (
			);
			dependencies = (
			);
			name = "Quiz Sam 2";
			productName = "Quiz Sam 2";
			productReference = F716630F1C6002C100F7A4D0 /* Quiz Sam 2.app */;
			productType = "com.apple.product-type.application";
		};
/* End PBXNativeTarget section */

/* Begin PBXProject section */
		F71663071C6002C100F7A4D0 /* Project object */ = {
			isa = PBXProject;
			attributes = {
				LastSwiftUpdateCheck = 0720;
				LastUpgradeCheck = 0720;
				ORGANIZATIONNAME = "Big Nerd Ranch";
				TargetAttributes = {
					F716630E1C6002C100F7A4D0 = {
						CreatedOnToolsVersion = 7.2;
						DevelopmentTeam = R47H959XW8;
					};
				};
			};
			buildConfigurationList = F716630A1C6002C100F7A4D0 /* Build configuration list for PBXProject "Quiz Sam 2" */;
			compatibilityVersion = "Xcode 3.2";
			developmentRegion = English;
			hasScannedForEncodings = 0;
			knownRegions = (
				en,
				Base,
			);
			mainGroup = F71663061C6002C100F7A4D0;
			productRefGroup = F71663101C6002C100F7A4D0 /* Products */;
			projectDirPath = "";
			projectRoot = "";
			targets = (
				F716630E1C6002C100F7A4D0 /* Quiz Sam 2 */,
			);
		};
/* End PBXProject section */

/* Begin PBXResourcesBuildPhase section */
		F716630D1C6002C100F7A4D0 /* Resources */ = {
			isa = PBXResourcesBuildPhase;
			buildActionMask = 2147483647;
			files = (
				F716631D1C6002C100F7A4D0 /* LaunchScreen.storyboard in Resources */,
				F716631A1C6002C100F7A4D0 /* Assets.xcassets in Resources */,
				F71663181C6002C100F7A4D0 /* Main.storyboard in Resources */,
			);
			runOnlyForDeploymentPostprocessing = 0;
		};
/* End PBXResourcesBuildPhase section */

/* Begin PBXSourcesBuildPhase section */
		F716630B1C6002C100F7A4D0 /* Sources */ = {
			isa = PBXSourcesBuildPhase;
			buildActionMask = 2147483647;
			files = (
				F71663151C6002C100F7A4D0 /* ViewController.swift in Sources */,
				F71663131C6002C100F7A4D0 /* AppDelegate.swift in Sources */,
			);
			runOnlyForDeploymentPostprocessing = 0;
		};
/* End PBXSourcesBuildPhase section */

/* Begin PBXVariantGroup section */
		F71663161C6002C100F7A4D0 /* Main.storyboard */ = {
			isa = PBXVariantGroup;
			children = (
				F71663171C6002C100F7A4D0 /* Base */,
			);
			name = Main.storyboard;
			sourceTree = "<group>";
		};
		F716631B1C6002C100F7A4D0 /* LaunchScreen.storyboard */ = {
			isa = PBXVariantGroup;
			children = (
				F716631C1C6002C100F7A4D0 /* Base */,
			);
			name = LaunchScreen.storyboard;
			sourceTree = "<group>";
		};
/* End PBXVariantGroup section */

/* Begin XCBuildConfiguration section */
		F716631F1C6002C100F7A4D0 /* Debug */ = {
			isa = XCBuildConfiguration;
			buildSettings = {
				ALWAYS_SEARCH_USER_PATHS = NO;
				CLANG_CXX_LANGUAGE_STANDARD = "gnu++0x";
				CLANG_CXX_LIBRARY = "libc++";
				CLANG_ENABLE_MODULES = YES;
				CLANG_ENABLE_OBJC_ARC = YES;
				CLANG_WARN_BOOL_CONVERSION = YES;
				CLANG_WARN_CONSTANT_CONVERSION = YES;
				CLANG_WARN_DIRECT_OBJC_ISA_USAGE = YES_ERROR;
				CLANG_WARN_EMPTY_BODY = YES;
				CLANG_WARN_ENUM_CONVERSION = YES;
				CLANG_WARN_INT_CONVERSION = YES;
				CLANG_WARN_OBJC_ROOT_CLASS = YES_ERROR;
				CLANG_WARN_UNREACHABLE_CODE = YES;
				CLANG_WARN__DUPLICATE_METHOD_MATCH = YES;
				"CODE_SIGN_IDENTITY[sdk=iphoneos*]" = "iPhone Developer";
				COPY_PHASE_STRIP = NO;
				DEBUG_INFORMATION_FORMAT = dwarf;
				ENABLE_STRICT_OBJC_MSGSEND = YES;
				ENABLE_TESTABILITY = YES;
				GCC_C_LANGUAGE_STANDARD = gnu99;
				GCC_DYNAMIC_NO_PIC = NO;
				GCC_NO_COMMON_BLOCKS = YES;
				GCC_OPTIMIZATION_LEVEL = 0;
				GCC_PREPROCESSOR_DEFINITIONS = (
					"DEBUG=1",
					"$(inherited)",
				);
				GCC_WARN_64_TO_32_BIT_CONVERSION = YES;
				GCC_WARN_ABOUT_RETURN_TYPE = YES_ERROR;
				GCC_WARN_UNDECLARED_SELECTOR = YES;
				GCC_WARN_UNINITIALIZED_AUTOS = YES_AGGRESSIVE;
				GCC_WARN_UNUSED_FUNCTION = YES;
				GCC_WARN_UNUSED_VARIABLE = YES;
				IPHONEOS_DEPLOYMENT_TARGET = 9.2;
				MTL_ENABLE_DEBUG_INFO = YES;
				ONLY_ACTIVE_ARCH = YES;
				SDKROOT = iphoneos;
				SWIFT_OPTIMIZATION_LEVEL = "-Onone";
			};
			name = Debug;
		};
		F71663201C6002C100F7A4D0 /* Release */ = {
			isa = XCBuildConfiguration;
			buildSettings = {
				ALWAYS_SEARCH_USER_PATHS = NO;
				CLANG_CXX_LANGUAGE_STANDARD = "gnu++0x";
				CLANG_CXX_LIBRARY = "libc++";
				CLANG_ENABLE_MODULES = YES;
				CLANG_ENABLE_OBJC_ARC = YES;
				CLANG_WARN_BOOL_CONVERSION = YES;
				CLANG_WARN_CONSTANT_CONVERSION = YES;
				CLANG_WARN_DIRECT_OBJC_ISA_USAGE = YES_ERROR;
				CLANG_WARN_EMPTY_BODY = YES;
				CLANG_WARN_ENUM_CONVERSION = YES;
				CLANG_WARN_INT_CONVERSION = YES;
				CLANG_WARN_OBJC_ROOT_CLASS = YES_ERROR;
				CLANG_WARN_UNREACHABLE_CODE = YES;
				CLANG_WARN__DUPLICATE_METHOD_MATCH = YES;
				"CODE_SIGN_IDENTITY[sdk=iphoneos*]" = "iPhone Developer";
				COPY_PHASE_STRIP = NO;
				DEBUG_INFORMATION_FORMAT = "dwarf-with-dsym";
				ENABLE_NS_ASSERTIONS = NO;
				ENABLE_STRICT_OBJC_MSGSEND = YES;
				GCC_C_LANGUAGE_STANDARD = gnu99;
				GCC_NO_COMMON_BLOCKS = YES;
				GCC_WARN_64_TO_32_BIT_CONVERSION = YES;
				GCC_WARN_ABOUT_RETURN_TYPE = YES_ERROR;
				GCC_WARN_UNDECLARED_SELECTOR = YES;
				GCC_WARN_UNINITIALIZED_AUTOS = YES_AGGRESSIVE;
				GCC_WARN_UNUSED_FUNCTION = YES;
				GCC_WARN_UNUSED_VARIABLE = YES;
				IPHONEOS_DEPLOYMENT_TARGET = 9.2;
				MTL_ENABLE_DEBUG_INFO = NO;
				SDKROOT = iphoneos;
				VALIDATE_PRODUCT = YES;
			};
			name = Release;
		};
		F71663221C6002C100F7A4D0 /* Debug */ = {
			isa = XCBuildConfiguration;
			buildSettings = {
				ASSETCATALOG_COMPILER_APPICON_NAME = AppIcon;
				CODE_SIGN_IDENTITY = "iPhone Developer";
				"CODE_SIGN_IDENTITY[sdk=iphoneos*]" = "iPhone Developer";
				INFOPLIST_FILE = "Quiz Sam 2/Info.plist";
				LD_RUNPATH_SEARCH_PATHS = "$(inherited) @executable_path/Frameworks";
				PRODUCT_BUNDLE_IDENTIFIER = "com.bignerdrach.Quiz-Sam-2";
				PRODUCT_NAME = "$(TARGET_NAME)";
				PROVISIONING_PROFILE = "";
			};
			name = Debug;
		};
		F71663231C6002C100F7A4D0 /* Release */ = {
			isa = XCBuildConfiguration;
			buildSettings = {
				ASSETCATALOG_COMPILER_APPICON_NAME = AppIcon;
				CODE_SIGN_IDENTITY = "iPhone Developer";
				"CODE_SIGN_IDENTITY[sdk=iphoneos*]" = "iPhone Developer";
				INFOPLIST_FILE = "Quiz Sam 2/Info.plist";
				LD_RUNPATH_SEARCH_PATHS = "$(inherited) @executable_path/Frameworks";
				PRODUCT_BUNDLE_IDENTIFIER = "com.bignerdrach.Quiz-Sam-2";
				PRODUCT_NAME = "$(TARGET_NAME)";
				PROVISIONING_PROFILE = "";
			};
			name = Release;
		};
/* End XCBuildConfiguration section */

/* Begin XCConfigurationList section */
		F716630A1C6002C100F7A4D0 /* Build configuration list for PBXProject "Quiz Sam 2" */ = {
			isa = XCConfigurationList;
			buildConfigurations = (
				F716631F1C6002C100F7A4D0 /* Debug */,
				F71663201C6002C100F7A4D0 /* Release */,
			);
			defaultConfigurationIsVisible = 0;
			defaultConfigurationName = Release;
		};
		F71663211C6002C100F7A4D0 /* Build configuration list for PBXNativeTarget "Quiz Sam 2" */ = {
			isa = XCConfigurationList;
			buildConfigurations = (
				F71663221C6002C100F7A4D0 /* Debug */,
				F71663231C6002C100F7A4D0 /* Release */,
			);
			defaultConfigurationIsVisible = 0;
		};
/* End XCConfigurationList section */
	};
	rootObject = F71663071C6002C100F7A4D0 /* Project object */;
}
